
Microsoft Visual Studio Solution File, Format Version 12.00
# Visual Studio Version 17
VisualStudioVersion = 17.6.33723.286
MinimumVisualStudioVersion = 10.0.40219.1
Project("{FAE04EC0-301F-11D3-BF4B-00C04F79EFBC}") = "Billing", "Billing.csproj", "{C7116E82-52FD-466F-A74A-97156567F9EC}"
EndProject
Global
	GlobalSection(SolutionConfigurationPlatforms) = preSolution
		Debug|Any CPU = Debug|Any CPU
		Release|Any CPU = Release|Any CPU
	EndGlobalSection
	GlobalSection(ProjectConfigurationPlatforms) = postSolution
		{C7116E82-52FD-466F-A74A-97156567F9EC}.Debug|Any CPU.ActiveCfg = Debug|Any CPU
		{C7116E82-52FD-466F-A74A-97156567F9EC}.Debug|Any CPU.Build.0 = Debug|Any CPU
		{C7116E82-52FD-466F-A74A-97156567F9EC}.Release|Any CPU.ActiveCfg = Release|Any CPU
		{C7116E82-52FD-466F-A74A-97156567F9EC}.Release|Any CPU.Build.0 = Release|Any CPU
	EndGlobalSection
	GlobalSection(SolutionProperties) = preSolution
		HideSolutionNode = FALSE
	EndGlobalSection
	GlobalSection(ExtensibilityGlobals) = postSolution
		SolutionGuid = {D74887F3-F307-4577-8BB7-20DE9978EBB3}
	EndGlobalSection
EndGlobal
